[[tools.bun]]
version = "1.3.6"
backend = "core:bun"
"platforms.linux-arm64" = { checksum = "sha256:5afd12b366ba2d8297245cc29c039416334dd872152c1db02e5c8aa8c66e96b1", url = "https://github.com/oven-sh/bun/releases/download/bun-v1.3.6/bun-linux-aarch64.zip"}
"platforms.linux-arm64-musl" = { checksum = "sha256:21af5d4c276dc4a0a3bbd3893a83994fa9de916b6807f8af9aff43d6193e579d", url = "https://github.com/oven-sh/bun/releases/download/bun-v1.3.6/bun-linux-aarch64-musl.zip"}
"platforms.linux-x64" = { checksum = "sha256:9ba98d2134550d6690875b23a4f5c48e74b7cb267e8cc1b8f52605921c6c11ef", url = "https://github.com/oven-sh/bun/releases/download/bun-v1.3.6/bun-linux-x64.zip"}
"platforms.linux-x64-baseline" = { checksum = "sha256:1954abee08900de610a8b4692f5fffa6c6b15d8afde7d1de4d3f88cfc60e7d5f", url = "https://github.com/oven-sh/bun/releases/download/bun-v1.3.6/bun-linux-x64-baseline.zip"}
"platforms.linux-x64-musl" = { checksum = "sha256:b13061f7e2ef5896fff95d849213a9628e9d89036cb7a23837c6dbba8844f636", url = "https://github.com/oven-sh/bun/releases/download/bun-v1.3.6/bun-linux-x64-musl.zip"}
"platforms.linux-x64-musl-baseline" = { checksum = "sha256:36638b6943d5d29cd6a1e148ffc1f43417a690f44101b3fc083bd11eba418d12", url = "https://github.com/oven-sh/bun/releases/download/bun-v1.3.6/bun-linux-x64-musl-baseline.zip"}
"platforms.macos-arm64" = { checksum = "sha256:2af1ec8437759ab05b3b0ea421fe9e22e6c705cb4cb0751c326982642dace8fa", url = "https://github.com/oven-sh/bun/releases/download/bun-v1.3.6/bun-darwin-aarch64.zip"}
"platforms.macos-x64" = { checksum = "sha256:83ef84c2a9d25dfef6ba0b31be3d8a09952ef311c71feca4488a628e96c26706", url = "https://github.com/oven-sh/bun/releases/download/bun-v1.3.6/bun-darwin-x64.zip"}
"platforms.macos-x64-baseline" = { checksum = "sha256:b2d8994d4cf70641366d69b87420b805d1d984f4ea7e16a352df156949474fa5", url = "https://github.com/oven-sh/bun/releases/download/bun-v1.3.6/bun-darwin-x64-baseline.zip"}
"platforms.windows-x64" = { checksum = "sha256:7356f20f646d7047bee9eb7a3d5344019bedce778bfab3cccd5dd1ee2df6177f", url = "https://github.com/oven-sh/bun/releases/download/bun-v1.3.6/bun-windows-x64.zip"}
"platforms.windows-x64-baseline" = { checksum = "sha256:2ab7cb878041529617dcb86f9e8cb59539779ecb5ebe115a9eba2fa8361736b6", url = "https://github.com/oven-sh/bun/releases/download/bun-v1.3.6/bun-windows-x64-baseline.zip"}

[[tools."cargo:https://github.com/simonrw/cftail"]]
version = "branch:main"
backend = "cargo:https://github.com/simonrw/cftail"

[[tools."cargo:https://github.com/simonrw/listprojects"]]
version = "branch:main"
backend = "cargo:https://github.com/simonrw/listprojects"

[[tools."cargo:https://github.com/simonrw/testsearch"]]
version = "branch:main"
backend = "cargo:https://github.com/simonrw/testsearch"

[[tools."cargo:mergiraf"]]
version = "0.16.3"
backend = "cargo:mergiraf"

[[tools."cargo:worktrunk"]]
version = "0.29.4"
backend = "cargo:worktrunk"

[[tools.fzf]]
version = "0.70.0"
backend = "aqua:junegunn/fzf"
"platforms.linux-arm64" = { checksum = "sha256:90a07a13b61f56dd59ccfd0f0bf05070e9cec067713d313fa2607aab2dc0e422", url = "https://github.com/junegunn/fzf/releases/download/v0.70.0/fzf-0.70.0-linux_arm64.tar.gz"}
"platforms.linux-x64" = { checksum = "sha256:8fd0e0b93bdf64ba90081ffb6658d77ea5a024c122b36852b1de30f9d2733754", url = "https://github.com/junegunn/fzf/releases/download/v0.70.0/fzf-0.70.0-linux_amd64.tar.gz"}
"platforms.macos-arm64" = { checksum = "sha256:75f4905c2e3d00666d81dffdd001bb2a9a8e0ad4e4ac8cecfc17a7401b99e6e4", url = "https://github.com/junegunn/fzf/releases/download/v0.70.0/fzf-0.70.0-darwin_arm64.tar.gz"}
"platforms.macos-x64" = { checksum = "sha256:46af74cfeb171c5e2eb936096a653061a0de0f5aeb70319bf9935d8d193e078f", url = "https://github.com/junegunn/fzf/releases/download/v0.70.0/fzf-0.70.0-darwin_amd64.tar.gz"}
"platforms.windows-x64" = { checksum = "sha256:7465a6738e2c844742df973459c7509aed2d10d7a72bfd6de201b867b4eda4cd", url = "https://github.com/junegunn/fzf/releases/download/v0.70.0/fzf-0.70.0-windows_amd64.zip"}

[[tools.gh]]
version = "2.88.1"
backend = "aqua:cli/cli"
"platforms.linux-arm64" = { checksum = "sha256:039ce25aab0cfa0ea5160e3db75ed44699bde4b20ff63ec5991f82201f1b33b8", url = "https://github.com/cli/cli/releases/download/v2.88.1/gh_2.88.1_linux_arm64.tar.gz"}
"platforms.linux-x64" = { checksum = "sha256:36352a993b97e9758793cdb87f9ba674bd6d88c914488e122be78a1962203803", url = "https://github.com/cli/cli/releases/download/v2.88.1/gh_2.88.1_linux_amd64.tar.gz"}
"platforms.macos-arm64" = { checksum = "sha256:bdbeed4821d450ef0d14821d856c05b308ab449fbf60527f298d96fbf5d2447b", url = "https://github.com/cli/cli/releases/download/v2.88.1/gh_2.88.1_macOS_arm64.zip"}
"platforms.macos-x64" = { checksum = "sha256:ff0fc4bdb9699f0c02e5bcdcbd09d0f8e4c4659aa5d30bcd39a3557ed7379b2e", url = "https://github.com/cli/cli/releases/download/v2.88.1/gh_2.88.1_macOS_amd64.zip"}
"platforms.windows-x64" = { checksum = "sha256:8fdaac525d8919f9f8c265f99ffa26189e5f1fd3a35636adad4fd890a141a555", url = "https://github.com/cli/cli/releases/download/v2.88.1/gh_2.88.1_windows_amd64.zip"}

[[tools."github:MordechaiHadad/bob"]]
version = "4.1.6"
backend = "github:MordechaiHadad/bob"
"platforms.linux-x64" = { checksum = "sha256:03c5711e149a428362ea5fe682053f8402992244accfb8f5b1dbf06c6d7652db", url = "https://github.com/MordechaiHadad/bob/releases/download/v4.1.6/bob-linux-x86_64-openssl.zip", url_api = "https://api.github.com/repos/MordechaiHadad/bob/releases/assets/325174761"}
"platforms.macos-arm64" = { checksum = "sha256:442228e17a09f5d7be87a472892a2280cc9a396c7cd7cc1f227c5a6017fc3257", url = "https://github.com/MordechaiHadad/bob/releases/download/v4.1.6/bob-macos-arm.zip", url_api = "https://api.github.com/repos/MordechaiHadad/bob/releases/assets/325174758"}
"platforms.macos-x64" = { checksum = "sha256:aa0af86f806ac56586db854474e348dcab281ce5dac16146a95b72e1f47ea85b", url = "https://github.com/MordechaiHadad/bob/releases/download/v4.1.6/bob-macos-x86_64-openssl.zip", url_api = "https://api.github.com/repos/MordechaiHadad/bob/releases/assets/325174763"}
"platforms.windows-x64" = { checksum = "sha256:b2502ac4bcac412ec0328151503f8c89ec7374f13e448184f46760fc2f726451", url = "https://github.com/MordechaiHadad/bob/releases/download/v4.1.6/bob-windows-x86_64-openssl.zip", url_api = "https://api.github.com/repos/MordechaiHadad/bob/releases/assets/325174760"}

[[tools."github:atuinsh/atuin"]]
version = "18.13.2"
backend = "github:atuinsh/atuin"
"platforms.linux-arm64" = { checksum = "sha256:bd8b6c83b9d07d7e8615272cf05746a1c17908965b8e8d0708a5d47c5cd7ba93", url = "https://github.com/atuinsh/atuin/releases/download/v18.13.2/atuin-x86_64-unknown-linux-gnu.tar.gz", url_api = "https://api.github.com/repos/atuinsh/atuin/releases/assets/373300443"}
"platforms.linux-x64" = { checksum = "sha256:bd8b6c83b9d07d7e8615272cf05746a1c17908965b8e8d0708a5d47c5cd7ba93", url = "https://github.com/atuinsh/atuin/releases/download/v18.13.2/atuin-x86_64-unknown-linux-gnu.tar.gz", url_api = "https://api.github.com/repos/atuinsh/atuin/releases/assets/373300443"}
"platforms.macos-arm64" = { checksum = "sha256:bd8b6c83b9d07d7e8615272cf05746a1c17908965b8e8d0708a5d47c5cd7ba93", url = "https://github.com/atuinsh/atuin/releases/download/v18.13.2/atuin-x86_64-unknown-linux-gnu.tar.gz", url_api = "https://api.github.com/repos/atuinsh/atuin/releases/assets/373300443"}
"platforms.macos-x64" = { checksum = "sha256:bd8b6c83b9d07d7e8615272cf05746a1c17908965b8e8d0708a5d47c5cd7ba93", url = "https://github.com/atuinsh/atuin/releases/download/v18.13.2/atuin-x86_64-unknown-linux-gnu.tar.gz", url_api = "https://api.github.com/repos/atuinsh/atuin/releases/assets/373300443"}
"platforms.windows-x64" = { checksum = "sha256:bd8b6c83b9d07d7e8615272cf05746a1c17908965b8e8d0708a5d47c5cd7ba93", url = "https://github.com/atuinsh/atuin/releases/download/v18.13.2/atuin-x86_64-unknown-linux-gnu.tar.gz", url_api = "https://api.github.com/repos/atuinsh/atuin/releases/assets/373300443"}

[tools."github:atuinsh/atuin".options]
asset_pattern = "atuin-x86_64-unknown-linux-gnu.tar.gz"

[[tools."github:bootandy/dust"]]
version = "1.2.4"
backend = "github:bootandy/dust"
"platforms.linux-arm64" = { checksum = "sha256:1903296e662a80a504b132525c9360b503de3b900970e1245268605fc65e366d", url = "https://github.com/bootandy/dust/releases/download/v1.2.4/dust-v1.2.4-aarch64-unknown-linux-gnu.tar.gz", url_api = "https://api.github.com/repos/bootandy/dust/releases/assets/338100648"}
"platforms.linux-x64" = { checksum = "sha256:707cfdbfb9d2dc536f8c3853815bbe98a01012f2772463835edae06816551160", url = "https://github.com/bootandy/dust/releases/download/v1.2.4/dust-v1.2.4-x86_64-unknown-linux-gnu.tar.gz", url_api = "https://api.github.com/repos/bootandy/dust/releases/assets/338099299"}
"platforms.macos-x64" = { checksum = "sha256:bf84d3ff7f58e325d3eb5bb7696df6b22ef1e01fec80c2d8f7c9d3e611be66f4", url = "https://github.com/bootandy/dust/releases/download/v1.2.4/dust-v1.2.4-x86_64-apple-darwin.tar.gz", url_api = "https://api.github.com/repos/bootandy/dust/releases/assets/338099240"}
"platforms.windows-x64" = { checksum = "sha256:eb08d642f016787bb9fc918a4dc5f34665463657fddf83a40f2441cbf020fb4c", url = "https://github.com/bootandy/dust/releases/download/v1.2.4/dust-v1.2.4-x86_64-pc-windows-msvc.zip", url_api = "https://api.github.com/repos/bootandy/dust/releases/assets/338102043"}

[[tools."github:jj-vcs/jj"]]
version = "0.39.0"
backend = "github:jj-vcs/jj"
"platforms.linux-arm64" = { checksum = "sha256:15bbb0199adf57929d1e3cd90ae0b47356858cbe374814769815a1fb87d5ad1d", url = "https://github.com/jj-vcs/jj/releases/download/v0.39.0/jj-v0.39.0-aarch64-unknown-linux-musl.tar.gz", url_api = "https://api.github.com/repos/jj-vcs/jj/releases/assets/366957885"}
"platforms.linux-x64" = { checksum = "sha256:8da8d96e9c8696c21ad47847a63d533e249acb0449d9af0f0562b5ea7b024f04", url = "https://github.com/jj-vcs/jj/releases/download/v0.39.0/jj-v0.39.0-x86_64-unknown-linux-musl.tar.gz", url_api = "https://api.github.com/repos/jj-vcs/jj/releases/assets/366957847"}
"platforms.macos-arm64" = { checksum = "sha256:525ee96fd1eda1be925b3827a964c58a9f14bc2bae411bd7d8422fe1af40ea19", url = "https://github.com/jj-vcs/jj/releases/download/v0.39.0/jj-v0.39.0-aarch64-apple-darwin.tar.gz", url_api = "https://api.github.com/repos/jj-vcs/jj/releases/assets/366957652"}
"platforms.macos-x64" = { checksum = "sha256:cdf0eb6f457165bfe5edc3afc16a5d10b3ea89cd682ebe333dabdec626373104", url = "https://github.com/jj-vcs/jj/releases/download/v0.39.0/jj-v0.39.0-x86_64-apple-darwin.tar.gz", url_api = "https://api.github.com/repos/jj-vcs/jj/releases/assets/366959010"}
"platforms.windows-x64" = { checksum = "sha256:53be7e277e5f0396621ccdda509904e4f88fe8e517b78ce20176269b7e97d378", url = "https://github.com/jj-vcs/jj/releases/download/v0.39.0/jj-v0.39.0-x86_64-pc-windows-msvc.zip", url_api = "https://api.github.com/repos/jj-vcs/jj/releases/assets/366963739"}

[[tools."github:lima-vm/lima"]]
version = "2.0.3"
backend = "github:lima-vm/lima"
"platforms.linux-arm64" = { checksum = "sha256:d0f9c30b82fdbd06b5c951b76bf3378b68cc658aebfe243f777949e131b6ea28", url = "https://github.com/lima-vm/lima/releases/download/v2.0.3/lima-2.0.3-Linux-aarch64.tar.gz", url_api = "https://api.github.com/repos/lima-vm/lima/releases/assets/332784685"}
"platforms.linux-x64" = { checksum = "sha256:6838a926d85ed2ddcfd636befb476256a96196516a3b7f36d2af66cde9188d66", url = "https://github.com/lima-vm/lima/releases/download/v2.0.3/lima-2.0.3-Linux-x86_64.tar.gz", url_api = "https://api.github.com/repos/lima-vm/lima/releases/assets/332784686"}
"platforms.macos-arm64" = { checksum = "sha256:22aee997df59e4fd448041b2d1214e48bd8eaf705d2d48a4307d65c1b179dc97", url = "https://github.com/lima-vm/lima/releases/download/v2.0.3/lima-2.0.3-Darwin-arm64.tar.gz", url_api = "https://api.github.com/repos/lima-vm/lima/releases/assets/332784687"}
"platforms.macos-x64" = { checksum = "sha256:0806bcb83a08411e9d878b43b2c4203f1556fe14f9f8ba1e5f0d5d9a3c2c0bd8", url = "https://github.com/lima-vm/lima/releases/download/v2.0.3/lima-2.0.3-Darwin-x86_64.tar.gz", url_api = "https://api.github.com/repos/lima-vm/lima/releases/assets/332784689"}
"platforms.windows-x64" = { checksum = "sha256:6050960790c5707c372f29c02b9545052c8d268696d66a9a2039ccd7e49905b5", url = "https://github.com/lima-vm/lima/releases/download/v2.0.3/lima-2.0.3-go-mod-vendor.tar.gz", url_api = "https://api.github.com/repos/lima-vm/lima/releases/assets/332784691"}

[[tools."github:sachaos/viddy"]]
version = "1.3.0"
backend = "github:sachaos/viddy"
"platforms.linux-arm64" = { checksum = "sha256:88654024e8de21b41aee6f4b6beca1c786eadb4614b2e89e16d3823ea6040755", url = "https://github.com/sachaos/viddy/releases/download/v1.3.0/viddy-v1.3.0-linux-arm64.tar.gz", url_api = "https://api.github.com/repos/sachaos/viddy/releases/assets/209763332"}
"platforms.linux-x64" = { checksum = "sha256:f5500a69d7299358b537d5d01ef7d30831f2801299d29c23601fa506a2a7061b", url = "https://github.com/sachaos/viddy/releases/download/v1.3.0/viddy-v1.3.0-linux-x86_64.tar.gz", url_api = "https://api.github.com/repos/sachaos/viddy/releases/assets/209763328"}
"platforms.macos-arm64" = { checksum = "sha256:4b06276180ae713970e1d729f0aa2e9c0c1f4818074d14f76a26df69283582f5", url = "https://github.com/sachaos/viddy/releases/download/v1.3.0/viddy-v1.3.0-macos-arm64.tar.gz", url_api = "https://api.github.com/repos/sachaos/viddy/releases/assets/209762991"}
"platforms.macos-x64" = { checksum = "sha256:375049b30e5211d43a410acf8a160d0c14038c8c3ed08d044bfe181ed770b62a", url = "https://github.com/sachaos/viddy/releases/download/v1.3.0/viddy-v1.3.0-macos-x86_64.tar.gz", url_api = "https://api.github.com/repos/sachaos/viddy/releases/assets/209762999"}
"platforms.windows-x64" = { checksum = "sha256:5111869984d0cb12c2f0764bafa83159b2b011fc00efc32024e21b8ad1c0f7f0", url = "https://github.com/sachaos/viddy/releases/download/v1.3.0/viddy-v1.3.0-windows-x86_64.tar.gz", url_api = "https://api.github.com/repos/sachaos/viddy/releases/assets/209763348"}

[[tools."github:sharkdp/bat"]]
version = "0.26.1"
backend = "github:sharkdp/bat"
"platforms.linux-arm64" = { checksum = "sha256:422eb73e11c854fddd99f5ca8461c2f1d6e6dce0a2a8c3d5daade5ffcb6564aa", url = "https://github.com/sharkdp/bat/releases/download/v0.26.1/bat-v0.26.1-aarch64-unknown-linux-gnu.tar.gz", url_api = "https://api.github.com/repos/sharkdp/bat/releases/assets/323548647"}
"platforms.linux-x64" = { checksum = "sha256:726f04c8f576a7fd18b7634f1bbf2f915c43494c1c0f013baa3287edb0d5a2a3", url = "https://github.com/sharkdp/bat/releases/download/v0.26.1/bat-v0.26.1-x86_64-unknown-linux-gnu.tar.gz", url_api = "https://api.github.com/repos/sharkdp/bat/releases/assets/323549181"}
"platforms.macos-arm64" = { checksum = "sha256:e30beff26779c9bf60bb541e1d79046250cb74378f2757f8eb250afddb19e114", url = "https://github.com/sharkdp/bat/releases/download/v0.26.1/bat-v0.26.1-aarch64-apple-darwin.tar.gz", url_api = "https://api.github.com/repos/sharkdp/bat/releases/assets/323548442"}
"platforms.macos-x64" = { checksum = "sha256:830d63b0bba1fa040542ec569e3cf77f60d3356b9de75116a344b061e0894245", url = "https://github.com/sharkdp/bat/releases/download/v0.26.1/bat-v0.26.1-x86_64-apple-darwin.tar.gz", url_api = "https://api.github.com/repos/sharkdp/bat/releases/assets/323549786"}
"platforms.windows-x64" = { checksum = "sha256:0f729b4b6f5f28d395c641eacc2e9ff68d0096b85aa0eec344aa62425144b69b", url = "https://github.com/sharkdp/bat/releases/download/v0.26.1/bat-v0.26.1-x86_64-pc-windows-msvc.zip", url_api = "https://api.github.com/repos/sharkdp/bat/releases/assets/323549116"}

[[tools."github:sharkdp/hyperfine"]]
version = "1.20.0"
backend = "github:sharkdp/hyperfine"
"platforms.linux-arm64" = { checksum = "sha256:90875cb1db7a1d797c311174d061728361e58fc70e3b62262a00635ac3b1997c", url = "https://github.com/sharkdp/hyperfine/releases/download/v1.20.0/hyperfine-v1.20.0-aarch64-unknown-linux-gnu.tar.gz", url_api = "https://api.github.com/repos/sharkdp/hyperfine/releases/assets/317832112"}
"platforms.linux-x64" = { checksum = "sha256:63ad53934062118f5b0be11785e0bb1603d4b91667d1921f2fd8df9a8712040a", url = "https://github.com/sharkdp/hyperfine/releases/download/v1.20.0/hyperfine-v1.20.0-x86_64-unknown-linux-gnu.tar.gz", url_api = "https://api.github.com/repos/sharkdp/hyperfine/releases/assets/317831911"}
"platforms.macos-arm64" = { checksum = "sha256:8ee7067016620447c9d2d6234ec9a4680f958b7ad983549b56334668f63075b5", url = "https://github.com/sharkdp/hyperfine/releases/download/v1.20.0/hyperfine-v1.20.0-aarch64-apple-darwin.tar.gz", url_api = "https://api.github.com/repos/sharkdp/hyperfine/releases/assets/317831785"}
"platforms.macos-x64" = { checksum = "sha256:f58d0b90993fadfa122a351428c469ce24afef3865f027f0e6e86f0830d088f1", url = "https://github.com/sharkdp/hyperfine/releases/download/v1.20.0/hyperfine-v1.20.0-x86_64-apple-darwin.tar.gz", url_api = "https://api.github.com/repos/sharkdp/hyperfine/releases/assets/317832526"}
"platforms.windows-x64" = { checksum = "sha256:2508c549b049b1d4342d08edc1cb42bfac169082b6e3069431b5bab9822dbb32", url = "https://github.com/sharkdp/hyperfine/releases/download/v1.20.0/hyperfine-v1.20.0-x86_64-pc-windows-msvc.zip", url_api = "https://api.github.com/repos/sharkdp/hyperfine/releases/assets/317832313"}

[[tools."github:simonrw/listprojects"]]
version = "0.1.6"
backend = "github:simonrw/listprojects"
"platforms.linux-arm64" = { checksum = "sha256:83df20f1b94645909337e52ac819e9297406e900e234317b2609cde83b9242a7", url = "https://github.com/simonrw/listprojects/releases/download/v0.1.6/listprojects-aarch64-unknown-linux-gnu.tar.gz", url_api = "https://api.github.com/repos/simonrw/listprojects/releases/assets/375625105"}
"platforms.linux-arm64-musl" = { checksum = "sha256:83df20f1b94645909337e52ac819e9297406e900e234317b2609cde83b9242a7", url = "https://github.com/simonrw/listprojects/releases/download/v0.1.6/listprojects-aarch64-unknown-linux-gnu.tar.gz", url_api = "https://api.github.com/repos/simonrw/listprojects/releases/assets/375625105"}
"platforms.linux-x64" = { checksum = "sha256:b91fa1c564ca0c6a17bf3b0a63e45f4eb8ef3ff468a637d5c55395fd4cecd6b9", url = "https://github.com/simonrw/listprojects/releases/download/v0.1.6/listprojects-x86_64-unknown-linux-gnu.tar.gz", url_api = "https://api.github.com/repos/simonrw/listprojects/releases/assets/375624761"}
"platforms.linux-x64-baseline" = { checksum = "sha256:b91fa1c564ca0c6a17bf3b0a63e45f4eb8ef3ff468a637d5c55395fd4cecd6b9", url = "https://github.com/simonrw/listprojects/releases/download/v0.1.6/listprojects-x86_64-unknown-linux-gnu.tar.gz", url_api = "https://api.github.com/repos/simonrw/listprojects/releases/assets/375624761"}
"platforms.linux-x64-musl" = { checksum = "sha256:b91fa1c564ca0c6a17bf3b0a63e45f4eb8ef3ff468a637d5c55395fd4cecd6b9", url = "https://github.com/simonrw/listprojects/releases/download/v0.1.6/listprojects-x86_64-unknown-linux-gnu.tar.gz", url_api = "https://api.github.com/repos/simonrw/listprojects/releases/assets/375624761"}
"platforms.linux-x64-musl-baseline" = { checksum = "sha256:b91fa1c564ca0c6a17bf3b0a63e45f4eb8ef3ff468a637d5c55395fd4cecd6b9", url = "https://github.com/simonrw/listprojects/releases/download/v0.1.6/listprojects-x86_64-unknown-linux-gnu.tar.gz", url_api = "https://api.github.com/repos/simonrw/listprojects/releases/assets/375624761"}
"platforms.macos-arm64" = { checksum = "sha256:c41918d027963a6fd61bdd962bcdcc83145af0a3302b54efb7cb97946ac8cd5b", url = "https://github.com/simonrw/listprojects/releases/download/v0.1.6/listprojects-aarch64-apple-darwin.tar.gz", url_api = "https://api.github.com/repos/simonrw/listprojects/releases/assets/375624588"}
"platforms.macos-x64" = { checksum = "sha256:247f914a1aef1e04ee6de79d66a884beb5503b23a1943c361f01f41ce5875fec", url = "https://github.com/simonrw/listprojects/releases/download/v0.1.6/listprojects-x86_64-apple-darwin.tar.gz", url_api = "https://api.github.com/repos/simonrw/listprojects/releases/assets/375624331"}
"platforms.macos-x64-baseline" = { checksum = "sha256:247f914a1aef1e04ee6de79d66a884beb5503b23a1943c361f01f41ce5875fec", url = "https://github.com/simonrw/listprojects/releases/download/v0.1.6/listprojects-x86_64-apple-darwin.tar.gz", url_api = "https://api.github.com/repos/simonrw/listprojects/releases/assets/375624331"}

[[tools."github:tmux/tmux-builds"]]
version = "3.6a"
backend = "github:tmux/tmux-builds"
"platforms.linux-arm64" = { checksum = "sha256:bb5afd9d646df54a7d7c66e198aa22c7d293c7453534f1670f7c540534db8b5e", url = "https://github.com/tmux/tmux-builds/releases/download/v3.6a/tmux-3.6a-linux-arm64.tar.gz", url_api = "https://api.github.com/repos/tmux/tmux-builds/releases/assets/331787049"}
"platforms.linux-x64" = { checksum = "sha256:c0a772a5e6ca8f129b0111d10029a52e02bcbc8352d5a8c0d3de8466a1e59c2e", url = "https://github.com/tmux/tmux-builds/releases/download/v3.6a/tmux-3.6a-linux-x86_64.tar.gz", url_api = "https://api.github.com/repos/tmux/tmux-builds/releases/assets/331787044"}
"platforms.macos-arm64" = { checksum = "sha256:12b5b9f8696e1286897d946649c0a80d0169dd76e018d34476a1fbd34de89a0f", url = "https://github.com/tmux/tmux-builds/releases/download/v3.6a/tmux-3.6a-macos-arm64.tar.gz", url_api = "https://api.github.com/repos/tmux/tmux-builds/releases/assets/331787046"}
"platforms.macos-x64" = { checksum = "sha256:b9b12eaeba43acf5671acf3857d947525440b544185a8db34ea557199a090251", url = "https://github.com/tmux/tmux-builds/releases/download/v3.6a/tmux-3.6a-macos-x86_64.tar.gz", url_api = "https://api.github.com/repos/tmux/tmux-builds/releases/assets/331787045"}
"platforms.windows-x64" = { checksum = "sha256:8c2baf3d33c70512d1ee77ae2b337991a32eaae8e1cc47e597a2a77e78209ed6", url = "https://github.com/tmux/tmux-builds/releases/download/v3.6a/LICENSES.tar.gz", url_api = "https://api.github.com/repos/tmux/tmux-builds/releases/assets/331787047"}

[[tools."github:tummychow/git-absorb"]]
version = "0.9.0"
backend = "github:tummychow/git-absorb"
"platforms.linux-x64" = { checksum = "sha256:517b442260a38617b05df0078b9e659b95068fabe8d0a83a33589d15f198d9a7", url = "https://github.com/tummychow/git-absorb/releases/download/0.9.0/git-absorb-0.9.0-x86_64-unknown-linux-musl.tar.gz", url_api = "https://api.github.com/repos/tummychow/git-absorb/releases/assets/355709221"}
"platforms.macos-x64" = { checksum = "sha256:1df9ad9206b2a2f0ce312a89188f80d3bace8471ca2799533beec6d83371f760", url = "https://github.com/tummychow/git-absorb/releases/download/0.9.0/git-absorb-0.9.0-x86_64-apple-darwin.tar.gz", url_api = "https://api.github.com/repos/tummychow/git-absorb/releases/assets/355709117"}
"platforms.windows-x64" = { checksum = "sha256:3fcf1d9b4f42017dbffe90539c6be5ac415e9b119552c5ae5cdbb034d36aab87", url = "https://github.com/tummychow/git-absorb/releases/download/0.9.0/git-absorb-0.9.0-x86_64-pc-windows-msvc.zip", url_api = "https://api.github.com/repos/tummychow/git-absorb/releases/assets/355709171"}

[[tools.go]]
version = "1.26.1"
backend = "core:go"
"platforms.linux-arm64" = { checksum = "sha256:a290581cfe4fe28ddd737dde3095f3dbeb7f2e4065cab4eae44dfc53b760c2f7", url = "https://dl.google.com/go/go1.26.1.linux-arm64.tar.gz"}
"platforms.linux-x64" = { checksum = "sha256:031f088e5d955bab8657ede27ad4e3bc5b7c1ba281f05f245bcc304f327c987a", url = "https://dl.google.com/go/go1.26.1.linux-amd64.tar.gz"}
"platforms.macos-arm64" = { checksum = "sha256:353df43a7811ce284c8938b5f3c7df40b7bfb6f56cb165b150bc40b5e2dd541f", url = "https://dl.google.com/go/go1.26.1.darwin-arm64.tar.gz"}
"platforms.macos-x64" = { checksum = "sha256:65773dab2f8cc4cd23d93ba6d0a805de150ca0b78378879292be0b903b8cdd08", url = "https://dl.google.com/go/go1.26.1.darwin-amd64.tar.gz"}
"platforms.windows-x64" = { checksum = "sha256:9b68112c913f45b7aebbf13c036721264bbba7e03a642f8f7490c561eebd1ecc", url = "https://dl.google.com/go/go1.26.1.windows-amd64.zip"}

[[tools."go:github.com/simonrw/cert-info"]]
version = "0.1.2"
backend = "go:github.com/simonrw/cert-info"

[[tools."go:github.com/simonrw/quickfix-review"]]
version = "0.1.1"
backend = "go:github.com/simonrw/quickfix-review"

[[tools.jjui]]
version = "0.9.12"
backend = "aqua:idursun/jjui"
"platforms.linux-arm64" = { checksum = "sha256:7652118d17fdb57f0240877c9a5343b0d114f64f6ba584f8142b786dac60d849", url = "https://github.com/idursun/jjui/releases/download/v0.9.12/jjui-0.9.12-linux-arm64.zip"}
"platforms.linux-x64" = { checksum = "sha256:8a934e844be06109d764deae2696799cb371df2fc67c2ecaa0b8d8976e480fbf", url = "https://github.com/idursun/jjui/releases/download/v0.9.12/jjui-0.9.12-linux-amd64.zip"}
"platforms.macos-arm64" = { checksum = "sha256:93864431ca20bc8323fa75ed59fb6489edd90f4de4c78f21bdd4f17c3d1679f2", url = "https://github.com/idursun/jjui/releases/download/v0.9.12/jjui-0.9.12-darwin-arm64.zip"}
"platforms.macos-x64" = { checksum = "sha256:fa50c320fa943fd71c503bb451837abd937aed8d9ee9f241f8b657a7035fa9c8", url = "https://github.com/idursun/jjui/releases/download/v0.9.12/jjui-0.9.12-darwin-amd64.zip"}
"platforms.windows-x64" = { checksum = "sha256:dc2d2ba9875b947871c4e05149020ad3099283532004e708232e81c8dbced998", url = "https://github.com/idursun/jjui/releases/download/v0.9.12/jjui-0.9.12-windows-amd64.zip"}

[[tools.jless]]
version = "0.9.0"
backend = "aqua:PaulJuliusMartinez/jless"
"platforms.linux-x64" = { url = "https://github.com/PaulJuliusMartinez/jless/releases/download/v0.9.0/jless-v0.9.0-x86_64-unknown-linux-gnu.zip"}
"platforms.macos-arm64" = { url = "https://github.com/PaulJuliusMartinez/jless/releases/download/v0.9.0/jless-v0.9.0-aarch64-apple-darwin.zip"}
"platforms.macos-x64" = { url = "https://github.com/PaulJuliusMartinez/jless/releases/download/v0.9.0/jless-v0.9.0-x86_64-apple-darwin.zip"}

[[tools.lazygit]]
version = "0.60.0"
backend = "aqua:jesseduffield/lazygit"
"platforms.linux-arm64" = { checksum = "sha256:2c699579165416eede4d2cfaf7d76ccd8f3b20f20f2e8b4abff6b5a6350fcdd7", url = "https://github.com/jesseduffield/lazygit/releases/download/v0.60.0/lazygit_0.60.0_linux_arm64.tar.gz"}
"platforms.linux-x64" = { checksum = "sha256:6252ca6cf98bc4fd3e0d927b54225910cfa57b065d0ad88263f14592f7f9ab15", url = "https://github.com/jesseduffield/lazygit/releases/download/v0.60.0/lazygit_0.60.0_linux_x86_64.tar.gz"}
"platforms.macos-arm64" = { checksum = "sha256:5045f0ff2117f12cb5232d65e01c054eb9ea6b8e2f0f0b80e99fbaa589b581b9", url = "https://github.com/jesseduffield/lazygit/releases/download/v0.60.0/lazygit_0.60.0_darwin_arm64.tar.gz"}
"platforms.macos-x64" = { checksum = "sha256:9210a8bd8bf18537f9d7747361c8eba62518e10e4d5fbfe915cf110635eaab78", url = "https://github.com/jesseduffield/lazygit/releases/download/v0.60.0/lazygit_0.60.0_darwin_x86_64.tar.gz"}
"platforms.windows-x64" = { checksum = "sha256:435b53165ff4604e201549b9317eb0b8bb5b3f6728be612656988e90c821a9b9", url = "https://github.com/jesseduffield/lazygit/releases/download/v0.60.0/lazygit_0.60.0_windows_x86_64.zip"}

[[tools.mkcert]]
version = "1.4.4"
backend = "aqua:FiloSottile/mkcert"
"platforms.linux-x64" = { checksum = "blake3:2337bf318a54e40d6fb36ee89306f031fcecc00e02dad69afa2bc2b579959f80", url = "https://github.com/FiloSottile/mkcert/releases/download/v1.4.4/mkcert-v1.4.4-linux-amd64"}

[[tools.node]]
version = "24.12.0"
backend = "core:node"
"platforms.linux-arm64" = { checksum = "sha256:9b2a2eeb98a8eb37361224e2a1d060300ad2dd143af58dfdb16de785df0f1228", url = "https://nodejs.org/dist/v24.12.0/node-v24.12.0-linux-arm64.tar.gz"}
"platforms.linux-x64" = { checksum = "sha256:6159227e0af7d7c3c6bb2fa900452b04a6cb8841a702a79acc613209d70b04d0", url = "https://nodejs.org/dist/v24.12.0/node-v24.12.0-linux-x64.tar.gz"}
"platforms.macos-arm64" = { checksum = "sha256:319f221adc5e44ff0ed57e8a441b2284f02b8dc6fc87b8eb92a6a93643fd8080", url = "https://nodejs.org/dist/v24.12.0/node-v24.12.0-darwin-arm64.tar.gz"}
"platforms.macos-x64" = { checksum = "sha256:b82ea4c62fd08e250cab59d625e75d77cc5b0a3d60c6698ebee4545c88a169c5", url = "https://nodejs.org/dist/v24.12.0/node-v24.12.0-darwin-x64.tar.gz"}
"platforms.windows-x64" = { checksum = "sha256:9c125f61ae947b52e779095830f9cac267846a043ef7192183c84016aaad2812", url = "https://nodejs.org/dist/v24.12.0/node-v24.12.0-win-x64.zip"}

[[tools."npm:@fission-ai/openspec"]]
version = "1.1.1"
backend = "npm:@fission-ai/openspec"

[[tools.rust]]
version = "beta"
backend = "core:rust"

[[tools.television]]
version = "0.15.3"
backend = "aqua:alexpasmantier/television"
"platforms.linux-x64" = { checksum = "sha256:01894db9c61239e1b409c6d1b1d81d02d997ae8f0571d564c4beb9f759356204", url = "https://github.com/alexpasmantier/television/releases/download/0.15.3/tv-0.15.3-x86_64-unknown-linux-musl.tar.gz"}

[[tools.tree-sitter]]
version = "0.26.8"
backend = "aqua:tree-sitter/tree-sitter"
"platforms.linux-x64" = { checksum = "sha256:9754a32800f0b970152782df177b4a47c711e34e651a7aceb384d8bd29fa136e", url = "https://github.com/tree-sitter/tree-sitter/releases/download/v0.26.8/tree-sitter-linux-x64.gz"}

[[tools.usage]]
version = "3.0.0"
backend = "aqua:jdx/usage"
"platforms.linux-arm64" = { checksum = "sha256:6c32e248c2203d3d0b43bed07a9c6d25b05773e8443fb99b4c4a724f9c8fc64a", url = "https://github.com/jdx/usage/releases/download/v3.0.0/usage-aarch64-unknown-linux-musl.tar.gz"}
"platforms.linux-x64" = { checksum = "sha256:e9d4c42cbc28668da0c1ee02eaea1948ab043ee1ef2637fa90737095da487e1c", url = "https://github.com/jdx/usage/releases/download/v3.0.0/usage-x86_64-unknown-linux-musl.tar.gz"}
"platforms.macos-arm64" = { checksum = "sha256:4de86e95923dd57d8171a5ae40ca65492ef84b69175fefd7ab14442ab3ea0fc2", url = "https://github.com/jdx/usage/releases/download/v3.0.0/usage-universal-apple-darwin.tar.gz"}
"platforms.macos-x64" = { checksum = "sha256:4de86e95923dd57d8171a5ae40ca65492ef84b69175fefd7ab14442ab3ea0fc2", url = "https://github.com/jdx/usage/releases/download/v3.0.0/usage-universal-apple-darwin.tar.gz"}
"platforms.windows-x64" = { checksum = "sha256:b0a8cb81f4a259f8eaee134d9d427ed8284177141d615669dce2bde184ab06b3", url = "https://github.com/jdx/usage/releases/download/v3.0.0/usage-x86_64-pc-windows-msvc.zip"}

[[tools.uv]]
version = "0.9.22"
backend = "aqua:astral-sh/uv"
"platforms.linux-arm64" = { checksum = "sha256:a400eaede62557af86bed6c5252a101aa1efd596698bb10c9400334fcc2847ec", url = "https://github.com/astral-sh/uv/releases/download/0.9.22/uv-aarch64-unknown-linux-musl.tar.gz"}
"platforms.linux-x64" = { checksum = "sha256:84d087a8e77a223d80578919894f3103f46ca7c263250c3e0478ce7c38850349", url = "https://github.com/astral-sh/uv/releases/download/0.9.22/uv-x86_64-unknown-linux-musl.tar.gz"}
"platforms.macos-arm64" = { checksum = "sha256:4bfc6dacc9bcc9e433a9214a658495ca082b94fd607949b6745a955f34ccbc3c", url = "https://github.com/astral-sh/uv/releases/download/0.9.22/uv-aarch64-apple-darwin.tar.gz"}
"platforms.macos-x64" = { checksum = "sha256:c0057ad78b475f343739b1bbe223361c1054524c9edf310ee1dc85a050207f86", url = "https://github.com/astral-sh/uv/releases/download/0.9.22/uv-x86_64-apple-darwin.tar.gz"}
"platforms.windows-x64" = { checksum = "sha256:93a0a244f26eec208d8ea8077e3de743d9687ad76c190342722f1f57fa629457", url = "https://github.com/astral-sh/uv/releases/download/0.9.22/uv-x86_64-pc-windows-msvc.zip"}
